
Microsoft Visual Studio Solution File, Format Version 12.00
# Visual Studio Version 17
VisualStudioVersion = 17.12.35707.178
MinimumVisualStudioVersion = 10.0.40219.1
Project("{FAE04EC0-301F-11D3-BF4B-00C04F79EFBC}") = "angelissaPastryShop", "angelissaPastryShop\angelissaPastryShop.csproj", "{141E2ADA-96E8-4CB5-9906-F8DAD741AD74}"
EndProject
Global
	GlobalSection(SolutionConfigurationPlatforms) = preSolution
		Debug|Any CPU = Debug|Any CPU
		Release|Any CPU = Release|Any CPU
	EndGlobalSection
	GlobalSection(ProjectConfigurationPlatforms) = postSolution
		{141E2ADA-96E8-4CB5-9906-F8DAD741AD74}.Debug|Any CPU.ActiveCfg = Debug|Any CPU
		{141E2ADA-96E8-4CB5-9906-F8DAD741AD74}.Debug|Any CPU.Build.0 = Debug|Any CPU
		{141E2ADA-96E8-4CB5-9906-F8DAD741AD74}.Release|Any CPU.ActiveCfg = Release|Any CPU
		{141E2ADA-96E8-4CB5-9906-F8DAD741AD74}.Release|Any CPU.Build.0 = Release|Any CPU
	EndGlobalSection
	GlobalSection(SolutionProperties) = preSolution
		HideSolutionNode = FALSE
	EndGlobalSection
EndGlobal
